%{
  "connection": {:hex, :connection, "1.0.4", "a1cae72211f0eef17705aaededacac3eb30e6625b04a6117c1b2db6ace7d5976", [:mix], [], "hexpm"},
  "dialyxir": {:hex, :dialyxir, "0.5.1", "b331b091720fd93e878137add264bac4f644e1ddae07a70bf7062c7862c4b952", [:mix], [], "hexpm"},
  "earmark": {:hex, :earmark, "1.2.4", "99b637c62a4d65a20a9fb674b8cffb8baa771c04605a80c911c4418c69b75439", [:mix], [], "hexpm"},
  "ex_bencode": {:hex, :ex_bencode, "2.0.0", "a3169937a8f039a7996a84c7e98acf0e972d63d1f7a56c9a42a20250e0237ed8", [:mix], [], "hexpm"},
  "ex_doc": {:hex, :ex_doc, "0.18.1", "37c69d2ef62f24928c1f4fdc7c724ea04aecfdf500c4329185f8e3649c915baf", [:mix], [{:earmark, "~> 1.1", [hex: :earmark, repo: "hexpm", optional: false]}], "hexpm"},
  "httpotion": {:hex, :httpotion, "3.0.3", "17096ea1a7c0b2df74509e9c15a82b670d66fc4d66e6ef584189f63a9759428d", [:mix], [{:ibrowse, "~> 4.4", [hex: :ibrowse, repo: "hexpm", optional: false]}], "hexpm"},
  "ibrowse": {:hex, :ibrowse, "4.4.0", "2d923325efe0d2cb09b9c6a047b2835a5eda69d8a47ed6ff8bc03628b764e991", [:rebar3], [], "hexpm"},
  "int_set": {:hex, :int_set, "1.2.0", "c695a1d142de356e34c683035a99a8bc745e72e5d40339ea9a5fb1e51057976b", [:mix], [], "hexpm"},
  "mox": {:hex, :mox, "0.3.1", "2ab1dce006387a91fbe1e727ba468d3e0691eacfd4e2fc7308d53676ec335c46", [:mix], [], "hexpm"},
  "ranch": {:hex, :ranch, "1.4.0", "10272f95da79340fa7e8774ba7930b901713d272905d0012b06ca6d994f8826b", [:rebar3], [], "hexpm"},
  "temp": {:hex, :temp, "0.4.4", "da4524a102db9431f96b2b244777017eb077df3db344957cd1d10705feb25337", [:mix], [], "hexpm"},
}
