%{
  "absinthe": {:hex, :absinthe, "1.5.5", "22b26228f56dc6a1074c52cea9c64e869a0cb2427403bcf9056c422d36c66292", [:mix], [{:dataloader, "~> 1.0.0", [hex: :dataloader, repo: "hexpm", optional: true]}, {:decimal, "~> 1.0 or ~> 2.0", [hex: :decimal, repo: "hexpm", optional: true]}, {:nimble_parsec, "~> 0.5 or ~> 1.0", [hex: :nimble_parsec, repo: "hexpm", optional: false]}, {:telemetry, "~> 0.4.0", [hex: :telemetry, repo: "hexpm", optional: false]}], "hexpm", "41e79ed4bffbab4986493ff4120c948d59871fd08ad5e31195129ce3c01aad58"},
  "absinthe_phoenix": {:hex, :absinthe_phoenix, "1.5.0", "70112d1bd4dff4eb63bf4a396c0c1d599c1812c99a7b2bfbfcc2fd2ac3f55c1d", [:mix], [{:absinthe, "~> 1.5.0", [hex: :absinthe, repo: "hexpm", optional: false]}, {:absinthe_plug, "~> 1.5.0", [hex: :absinthe_plug, repo: "hexpm", optional: false]}, {:decimal, "~> 1.0", [hex: :decimal, repo: "hexpm", optional: false]}, {:phoenix, "~> 1.4", [hex: :phoenix, repo: "hexpm", optional: false]}, {:phoenix_html, "~> 2.13", [hex: :phoenix_html, repo: "hexpm", optional: true]}, {:phoenix_pubsub, "~> 1.0", [hex: :phoenix_pubsub, repo: "hexpm", optional: false]}], "hexpm", "bbe443e87079786c40a07e7159c326931beb1b2d722e73da2590152937655843"},
  "absinthe_plug": {:hex, :absinthe_plug, "1.5.6", "be33fb0b883dd6d43d206de04b8b9a378529589ec66fe639c5f2aa0ec96ca595", [:mix], [{:absinthe, "~> 1.5", [hex: :absinthe, repo: "hexpm", optional: false]}, {:plug, "~> 1.4", [hex: :plug, repo: "hexpm", optional: false]}], "hexpm", "b589cdfeba5b0bebe32fa4789fb4dcb86907d6bf6f037a4c67e2ca844b297d29"},
  "asciichart": {:hex, :asciichart, "1.0.0", "6ef5dbeab545cb7a0bdce7235958f129de6cd8ad193684dc0953c9a8b4c3db5b", [:mix], [], "hexpm", "edc475e4cdd317599310fa714dbc1f53485c32fc918e23e95f0c2bbb731f2ee2"},
  "bento": {:hex, :bento, "0.9.2", "7c12c68a34c5e63ff9e71506dcedcd2f983055ac1c40edcd86750ead09e2a174", [:mix], [{:poison, "~> 2.0", [hex: :poison, repo: "hexpm", optional: false]}], "hexpm", "8be4312c4eacf57ef0c319f5ddd0b31872b510dc8ca02c64206ee648ec0f91d1"},
  "broadway": {:hex, :broadway, "0.6.2", "ef8e0d257420c72f0e600958cf95556835d9921ad14be333493083226458791a", [:mix], [{:gen_stage, "~> 1.0", [hex: :gen_stage, repo: "hexpm", optional: false]}, {:telemetry, "~> 0.4.0", [hex: :telemetry, repo: "hexpm", optional: false]}], "hexpm", "f4f93704304a736c984cd6ed884f697415f68eb50906f4dc5d641926366ad8fa"},
  "bunt": {:hex, :bunt, "0.2.0", "951c6e801e8b1d2cbe58ebbd3e616a869061ddadcc4863d0a2182541acae9a38", [:mix], [], "hexpm", "7af5c7e09fe1d40f76c8e4f9dd2be7cebd83909f31fee7cd0e9eadc567da8353"},
  "bypass": {:hex, :bypass, "0.9.0", "4cedcd326eeec497e0090a73d351cbd0f11e39329ddf9095931b03da9b6dc417", [:mix], [{:cowboy, "~> 1.0 or ~> 2.0", [hex: :cowboy, repo: "hexpm", optional: false]}, {:plug, "~> 1.0", [hex: :plug, repo: "hexpm", optional: false]}], "hexpm"},
  "certifi": {:hex, :certifi, "2.6.1", "dbab8e5e155a0763eea978c913ca280a6b544bfa115633fa20249c3d396d9493", [:rebar3], [], "hexpm", "524c97b4991b3849dd5c17a631223896272c6b0af446778ba4675a1dff53bb7e"},
  "combine": {:hex, :combine, "0.10.0", "eff8224eeb56498a2af13011d142c5e7997a80c8f5b97c499f84c841032e429f", [:mix], [], "hexpm", "1b1dbc1790073076580d0d1d64e42eae2366583e7aecd455d1215b0d16f2451b"},
  "connection": {:hex, :connection, "1.1.0", "ff2a49c4b75b6fb3e674bfc5536451607270aac754ffd1bdfe175abe4a6d7a68", [:mix], [], "hexpm", "722c1eb0a418fbe91ba7bd59a47e28008a189d47e37e0e7bb85585a016b2869c"},
  "cors_plug": {:hex, :cors_plug, "2.0.3", "316f806d10316e6d10f09473f19052d20ba0a0ce2a1d910ddf57d663dac402ae", [:mix], [{:plug, "~> 1.8", [hex: :plug, repo: "hexpm", optional: false]}], "hexpm", "ee4ae1418e6ce117fc42c2ba3e6cbdca4e95ecd2fe59a05ec6884ca16d469aea"},
  "cowboy": {:hex, :cowboy, "2.8.0", "f3dc62e35797ecd9ac1b50db74611193c29815401e53bac9a5c0577bd7bc667d", [:rebar3], [{:cowlib, "~> 2.9.1", [hex: :cowlib, repo: "hexpm", optional: false]}, {:ranch, "~> 1.7.1", [hex: :ranch, repo: "hexpm", optional: false]}], "hexpm", "4643e4fba74ac96d4d152c75803de6fad0b3fa5df354c71afdd6cbeeb15fac8a"},
  "cowboy_telemetry": {:hex, :cowboy_telemetry, "0.3.1", "ebd1a1d7aff97f27c66654e78ece187abdc646992714164380d8a041eda16754", [:rebar3], [{:cowboy, "~> 2.7", [hex: :cowboy, repo: "hexpm", optional: false]}, {:telemetry, "~> 0.4", [hex: :telemetry, repo: "hexpm", optional: false]}], "hexpm", "3a6efd3366130eab84ca372cbd4a7d3c3a97bdfcfb4911233b035d117063f0af"},
  "cowlib": {:hex, :cowlib, "2.9.1", "61a6c7c50cf07fdd24b2f45b89500bb93b6686579b069a89f88cb211e1125c78", [:rebar3], [], "hexpm", "e4175dc240a70d996156160891e1c62238ede1729e45740bdd38064dad476170"},
  "credo": {:hex, :credo, "1.5.5", "e8f422026f553bc3bebb81c8e8bf1932f498ca03339856c7fec63d3faac8424b", [:mix], [{:bunt, "~> 0.2.0", [hex: :bunt, repo: "hexpm", optional: false]}, {:file_system, "~> 0.2.8", [hex: :file_system, repo: "hexpm", optional: false]}, {:jason, "~> 1.0", [hex: :jason, repo: "hexpm", optional: false]}], "hexpm", "dd8623ab7091956a855dc9f3062486add9c52d310dfd62748779c4315d8247de"},
  "db_connection": {:hex, :db_connection, "2.3.1", "4c9f3ed1ef37471cbdd2762d6655be11e38193904d9c5c1c9389f1b891a3088e", [:mix], [{:connection, "~> 1.0", [hex: :connection, repo: "hexpm", optional: false]}], "hexpm", "abaab61780dde30301d840417890bd9f74131041afd02174cf4e10635b3a63f5"},
  "decimal": {:hex, :decimal, "1.9.0", "83e8daf59631d632b171faabafb4a9f4242c514b0a06ba3df493951c08f64d07", [:mix], [], "hexpm", "b1f2343568eed6928f3e751cf2dffde95bfaa19dd95d09e8a9ea92ccfd6f7d85"},
  "dialyxir": {:hex, :dialyxir, "1.1.0", "c5aab0d6e71e5522e77beff7ba9e08f8e02bad90dfbeffae60eaf0cb47e29488", [:mix], [{:erlex, ">= 0.2.6", [hex: :erlex, repo: "hexpm", optional: false]}], "hexpm", "07ea8e49c45f15264ebe6d5b93799d4dd56a44036cf42d0ad9c960bc266c0b9a"},
  "earmark": {:hex, :earmark, "1.4.3", "364ca2e9710f6bff494117dbbd53880d84bebb692dafc3a78eb50aa3183f2bfd", [:mix], [], "hexpm", "8cf8a291ebf1c7b9539e3cddb19e9cef066c2441b1640f13c34c1d3cfc825fec"},
  "earmark_parser": {:hex, :earmark_parser, "1.4.12", "b245e875ec0a311a342320da0551da407d9d2b65d98f7a9597ae078615af3449", [:mix], [], "hexpm", "711e2cc4d64abb7d566d43f54b78f7dc129308a63bc103fbd88550d2174b3160"},
  "ecto": {:hex, :ecto, "3.5.6", "29c77e999e471921c7ce7347732bab7bfa3e24c587640a36f17e0744d1474b8e", [:mix], [{:decimal, "~> 1.6 or ~> 2.0", [hex: :decimal, repo: "hexpm", optional: false]}, {:jason, "~> 1.0", [hex: :jason, repo: "hexpm", optional: true]}, {:telemetry, "~> 0.4", [hex: :telemetry, repo: "hexpm", optional: false]}], "hexpm", "3ae1f3eaecc3e72eeb65ed43239b292bb1eaf335c7e6cea3a7fc27aadb6e93e7"},
  "ecto_network": {:hex, :ecto_network, "1.3.0", "1e77fa37c20e0f6a426d3862732f3317b0fa4c18f123d325f81752a491d7304e", [:mix], [{:ecto_sql, ">= 3.0.0", [hex: :ecto_sql, repo: "hexpm", optional: false]}, {:phoenix_html, ">= 0.0.0", [hex: :phoenix_html, repo: "hexpm", optional: true]}, {:postgrex, ">= 0.14.0", [hex: :postgrex, repo: "hexpm", optional: false]}], "hexpm", "053a5e46ef2837e8ea5ea97c82fa0f5494699209eddd764e663c85f11b2865bd"},
  "ecto_sql": {:hex, :ecto_sql, "3.5.4", "a9e292c40bd79fff88885f95f1ecd7b2516e09aa99c7dd0201aa84c54d2358e4", [:mix], [{:db_connection, "~> 2.2", [hex: :db_connection, repo: "hexpm", optional: false]}, {:ecto, "~> 3.5.0", [hex: :ecto, repo: "hexpm", optional: false]}, {:myxql, "~> 0.3.0 or ~> 0.4.0", [hex: :myxql, repo: "hexpm", optional: true]}, {:postgrex, "~> 0.15.0 or ~> 1.0", [hex: :postgrex, repo: "hexpm", optional: true]}, {:tds, "~> 2.1.1", [hex: :tds, repo: "hexpm", optional: true]}, {:telemetry, "~> 0.4.0", [hex: :telemetry, repo: "hexpm", optional: false]}], "hexpm", "1fff1a28a898d7bbef263f1f3ea425b04ba9f33816d843238c84eff883347343"},
  "elixir_make": {:hex, :elixir_make, "0.6.1", "8faa29a5597faba999aeeb72bbb9c91694ef8068f0131192fb199f98d32994ef", [:mix], [], "hexpm", "35d33270680f8d839a4003c3e9f43afb595310a592405a00afc12de4c7f55a18"},
  "erlex": {:hex, :erlex, "0.2.6", "c7987d15e899c7a2f34f5420d2a2ea0d659682c06ac607572df55a43753aa12e", [:mix], [], "hexpm", "2ed2e25711feb44d52b17d2780eabf998452f6efda104877a3881c2f8c0c0c75"},
  "ex_bencode": {:hex, :ex_bencode, "2.0.1", "e2fc6e62b01fbbd3bc511f5fcff52b3fdf5473689ae8aae3c75b67565070f148", [:mix], [], "hexpm", "f19b951620a91d4d6f516efebe4cc4e5648e067c8ff2490d249915dda0809a8c"},
  "ex_doc": {:hex, :ex_doc, "0.24.1", "15673de99154f93ca7f05900e4e4155ced1ee0cd34e0caeee567900a616871a4", [:mix], [{:earmark_parser, "~> 1.4.0", [hex: :earmark_parser, repo: "hexpm", optional: false]}, {:makeup_elixir, "~> 0.14", [hex: :makeup_elixir, repo: "hexpm", optional: false]}, {:makeup_erlang, "~> 0.1", [hex: :makeup_erlang, repo: "hexpm", optional: false]}], "hexpm", "07972f17bdf7dc7b5bd76ec97b556b26178ed3f056e7ec9288eb7cea7f91cce2"},
  "ex_termbox": {:hex, :ex_termbox, "1.0.2", "30cb94c2585e28797bedfc771687623faff75ab0eb77b08b3214181062bfa4af", [:make, :mix], [{:elixir_make, "~> 0.4", [hex: :elixir_make, repo: "hexpm", optional: false]}], "hexpm", "ca7b14d1019f96466a65ba08bd6cbf46e8b16f87339ef0ed211ba0641f304807"},
  "file_system": {:hex, :file_system, "0.2.10", "fb082005a9cd1711c05b5248710f8826b02d7d1784e7c3451f9c1231d4fc162d", [:mix], [], "hexpm", "41195edbfb562a593726eda3b3e8b103a309b733ad25f3d642ba49696bf715dc"},
  "gen_stage": {:hex, :gen_stage, "1.1.0", "dd0c0f8d2f3b993fdbd3d58e94abbe65380f4e78bdee3fa93d5618d7d14abe60", [:mix], [], "hexpm", "7f2b36a6d02f7ef2ba410733b540ec423af65ec9c99f3d1083da508aca3b9305"},
  "gettext": {:hex, :gettext, "0.18.2", "7df3ea191bb56c0309c00a783334b288d08a879f53a7014341284635850a6e55", [:mix], [], "hexpm", "f9f537b13d4fdd30f3039d33cb80144c3aa1f8d9698e47d7bcbcc8df93b1f5c5"},
  "hackney": {:hex, :hackney, "1.17.4", "99da4674592504d3fb0cfef0db84c3ba02b4508bae2dff8c0108baa0d6e0977c", [:rebar3], [{:certifi, "~>2.6.1", [hex: :certifi, repo: "hexpm", optional: false]}, {:idna, "~>6.1.0", [hex: :idna, repo: "hexpm", optional: false]}, {:metrics, "~>1.0.0", [hex: :metrics, repo: "hexpm", optional: false]}, {:mimerl, "~>1.1", [hex: :mimerl, repo: "hexpm", optional: false]}, {:parse_trans, "3.3.1", [hex: :parse_trans, repo: "hexpm", optional: false]}, {:ssl_verify_fun, "~>1.1.0", [hex: :ssl_verify_fun, repo: "hexpm", optional: false]}, {:unicode_util_compat, "~>0.7.0", [hex: :unicode_util_compat, repo: "hexpm", optional: false]}], "hexpm", "de16ff4996556c8548d512f4dbe22dd58a587bf3332e7fd362430a7ef3986b16"},
  "httpoison": {:hex, :httpoison, "1.8.0", "6b85dea15820b7804ef607ff78406ab449dd78bed923a49c7160e1886e987a3d", [:mix], [{:hackney, "~> 1.17", [hex: :hackney, repo: "hexpm", optional: false]}], "hexpm", "28089eaa98cf90c66265b6b5ad87c59a3729bea2e74e9d08f9b51eb9729b3c3a"},
  "httpotion": {:hex, :httpotion, "3.1.3", "fdaf1e16b9318dcb722de57e75ac368c93d4c6e3c9125f93e960f953a750fb77", [:mix], [{:ibrowse, "== 4.4.0", [hex: :ibrowse, repo: "hexpm", optional: false]}], "hexpm", "e420172ef697a0f1f4dc40f89a319d5a3aad90ec51fa424f08c115f04192ae43"},
  "ibrowse": {:hex, :ibrowse, "4.4.0", "2d923325efe0d2cb09b9c6a047b2835a5eda69d8a47ed6ff8bc03628b764e991", [:rebar3], [], "hexpm", "6a8e5988872086f0506bef68311493551ac5beae7c06ba2a00d5e9f97a60f1c2"},
  "idna": {:hex, :idna, "6.1.1", "8a63070e9f7d0c62eb9d9fcb360a7de382448200fbbd1b106cc96d3d8099df8d", [:rebar3], [{:unicode_util_compat, "~>0.7.0", [hex: :unicode_util_compat, repo: "hexpm", optional: false]}], "hexpm", "92376eb7894412ed19ac475e4a86f7b413c1b9fbb5bd16dccd57934157944cea"},
  "int_set": {:hex, :int_set, "1.5.0", "6e71ddd6c783f4e818c9f51c68d87beff211bb282b7cda29f502a08e165bcc52", [:mix], [], "hexpm", "34e738d9d26ad2f2c91af65bf2f880a97c0450b2d981f8ea425555780adfe3fa"},
  "jason": {:hex, :jason, "1.2.2", "ba43e3f2709fd1aa1dce90aaabfd039d000469c05c56f0b8e31978e03fa39052", [:mix], [{:decimal, "~> 1.0 or ~> 2.0", [hex: :decimal, repo: "hexpm", optional: true]}], "hexpm", "18a228f5f0058ee183f29f9eae0805c6e59d61c3b006760668d8d18ff0d12179"},
  "logger_file_backend": {:hex, :logger_file_backend, "0.0.11", "3bbc5f31d3669e8d09d7a9443e86056fae7fc18e45c6f748c33b8c79a7e147a1", [:mix], [], "hexpm", "62be826f04644c62b0a2bc98a13e2e7ae52c0a4eda020f4c59d7287356d5e445"},
  "makeup": {:hex, :makeup, "1.0.5", "d5a830bc42c9800ce07dd97fa94669dfb93d3bf5fcf6ea7a0c67b2e0e4a7f26c", [:mix], [{:nimble_parsec, "~> 0.5 or ~> 1.0", [hex: :nimble_parsec, repo: "hexpm", optional: false]}], "hexpm", "cfa158c02d3f5c0c665d0af11512fed3fba0144cf1aadee0f2ce17747fba2ca9"},
  "makeup_elixir": {:hex, :makeup_elixir, "0.15.1", "b5888c880d17d1cc3e598f05cdb5b5a91b7b17ac4eaf5f297cb697663a1094dd", [:mix], [{:makeup, "~> 1.0", [hex: :makeup, repo: "hexpm", optional: false]}, {:nimble_parsec, "~> 1.1", [hex: :nimble_parsec, repo: "hexpm", optional: false]}], "hexpm", "db68c173234b07ab2a07f645a5acdc117b9f99d69ebf521821d89690ae6c6ec8"},
  "makeup_erlang": {:hex, :makeup_erlang, "0.1.1", "3fcb7f09eb9d98dc4d208f49cc955a34218fc41ff6b84df7c75b3e6e533cc65f", [:mix], [{:makeup, "~> 1.0", [hex: :makeup, repo: "hexpm", optional: false]}], "hexpm", "174d0809e98a4ef0b3309256cbf97101c6ec01c4ab0b23e926a9e17df2077cbb"},
  "metatorrent": {:hex, :metatorrent, "1.0.0", "cb7065342f59f65eb75ba78218b0f7b0dcee8fbd89c8613c839327a5e1ed4856", [:mix], [{:ex_bencode, "~> 2.0", [hex: :ex_bencode, repo: "hexpm", optional: false]}], "hexpm", "af29ecacc3be28985650ba4e2439787ea562764b73f4c44b1a89d215079ec598"},
  "metrics": {:hex, :metrics, "1.0.1", "25f094dea2cda98213cecc3aeff09e940299d950904393b2a29d191c346a8486", [:rebar3], [], "hexpm", "69b09adddc4f74a40716ae54d140f93beb0fb8978d8636eaded0c31b6f099f16"},
  "mime": {:hex, :mime, "1.5.0", "203ef35ef3389aae6d361918bf3f952fa17a09e8e43b5aa592b93eba05d0fb8d", [:mix], [], "hexpm", "55a94c0f552249fc1a3dd9cd2d3ab9de9d3c89b559c2bd01121f824834f24746"},
  "mimerl": {:hex, :mimerl, "1.2.0", "67e2d3f571088d5cfd3e550c383094b47159f3eee8ffa08e64106cdf5e981be3", [:rebar3], [], "hexpm", "f278585650aa581986264638ebf698f8bb19df297f66ad91b18910dfc6e19323"},
  "mox": {:hex, :mox, "1.0.0", "4b3c7005173f47ff30641ba044eb0fe67287743eec9bd9545e37f3002b0a9f8b", [:mix], [], "hexpm", "201b0a20b7abdaaab083e9cf97884950f8a30a1350a1da403b3145e213c6f4df"},
  "nimble_parsec": {:hex, :nimble_parsec, "1.1.0", "3a6fca1550363552e54c216debb6a9e95bd8d32348938e13de5eda962c0d7f89", [:mix], [], "hexpm", "08eb32d66b706e913ff748f11694b17981c0b04a33ef470e33e11b3d3ac8f54b"},
  "parse_trans": {:hex, :parse_trans, "3.3.1", "16328ab840cc09919bd10dab29e431da3af9e9e7e7e6f0089dd5a2d2820011d8", [:rebar3], [], "hexpm", "07cd9577885f56362d414e8c4c4e6bdf10d43a8767abb92d24cbe8b24c54888b"},
  "phoenix": {:hex, :phoenix, "1.4.17", "1b1bd4cff7cfc87c94deaa7d60dd8c22e04368ab95499483c50640ef3bd838d8", [:mix], [{:jason, "~> 1.0", [hex: :jason, repo: "hexpm", optional: true]}, {:phoenix_pubsub, "~> 1.1", [hex: :phoenix_pubsub, repo: "hexpm", optional: false]}, {:plug, "~> 1.8.1 or ~> 1.9", [hex: :plug, repo: "hexpm", optional: false]}, {:plug_cowboy, "~> 1.0 or ~> 2.0", [hex: :plug_cowboy, repo: "hexpm", optional: true]}, {:telemetry, "~> 0.4", [hex: :telemetry, repo: "hexpm", optional: false]}], "hexpm", "3a8e5d7a3d76d452bb5fb86e8b7bd115f737e4f8efe202a463d4aeb4a5809611"},
  "phoenix_pubsub": {:hex, :phoenix_pubsub, "1.1.2", "496c303bdf1b2e98a9d26e89af5bba3ab487ba3a3735f74bf1f4064d2a845a3e", [:mix], [], "hexpm", "1f13f9f0f3e769a667a6b6828d29dec37497a082d195cc52dbef401a9b69bf38"},
  "plug": {:hex, :plug, "1.11.1", "f2992bac66fdae679453c9e86134a4201f6f43a687d8ff1cd1b2862d53c80259", [:mix], [{:mime, "~> 1.0", [hex: :mime, repo: "hexpm", optional: false]}, {:plug_crypto, "~> 1.1.1 or ~> 1.2", [hex: :plug_crypto, repo: "hexpm", optional: false]}, {:telemetry, "~> 0.4", [hex: :telemetry, repo: "hexpm", optional: false]}], "hexpm", "23524e4fefbb587c11f0833b3910bfb414bf2e2534d61928e920f54e3a1b881f"},
  "plug_cowboy": {:hex, :plug_cowboy, "2.4.1", "779ba386c0915027f22e14a48919a9545714f849505fa15af2631a0d298abf0f", [:mix], [{:cowboy, "~> 2.7", [hex: :cowboy, repo: "hexpm", optional: false]}, {:cowboy_telemetry, "~> 0.3", [hex: :cowboy_telemetry, repo: "hexpm", optional: false]}, {:plug, "~> 1.7", [hex: :plug, repo: "hexpm", optional: false]}, {:telemetry, "~> 0.4", [hex: :telemetry, repo: "hexpm", optional: false]}], "hexpm", "d72113b6dff7b37a7d9b2a5b68892808e3a9a752f2bf7e503240945385b70507"},
  "plug_crypto": {:hex, :plug_crypto, "1.2.2", "05654514ac717ff3a1843204b424477d9e60c143406aa94daf2274fdd280794d", [:mix], [], "hexpm", "87631c7ad914a5a445f0a3809f99b079113ae4ed4b867348dd9eec288cecb6db"},
  "poison": {:hex, :poison, "2.2.0", "4763b69a8a77bd77d26f477d196428b741261a761257ff1cf92753a0d4d24a63", [:mix], [], "hexpm", "519bc209e4433961284174c497c8524c001e285b79bdf80212b47a1f898084cc"},
  "postgrex": {:hex, :postgrex, "0.15.8", "f5e782bbe5e8fa178d5e3cd1999c857dc48eda95f0a4d7f7bd92a50e84a0d491", [:mix], [{:connection, "~> 1.0", [hex: :connection, repo: "hexpm", optional: false]}, {:db_connection, "~> 2.1", [hex: :db_connection, repo: "hexpm", optional: false]}, {:decimal, "~> 1.5 or ~> 2.0", [hex: :decimal, repo: "hexpm", optional: false]}, {:jason, "~> 1.0", [hex: :jason, repo: "hexpm", optional: true]}], "hexpm", "698fbfacea34c4cf22c8281abeb5cf68d99628d541874f085520ab3b53d356fe"},
  "queutils": {:hex, :queutils, "1.2.1", "6921c74a84bdd960edb095e8623c2c58b5fc5963600a3d2801fce86bff94f2a8", [:mix], [{:gen_stage, "~> 1.0", [hex: :gen_stage, repo: "hexpm", optional: false]}], "hexpm", "95d7474c265deed0fc1a6fc4a19783c49c4deaa1e0514c35f1167d9e35f3854c"},
  "ranch": {:hex, :ranch, "1.7.1", "6b1fab51b49196860b733a49c07604465a47bdb78aa10c1c16a3d199f7f8c881", [:rebar3], [], "hexpm", "451d8527787df716d99dc36162fca05934915db0b6141bbdac2ea8d3c7afc7d7"},
  "ratatouille": {:hex, :ratatouille, "0.5.1", "0f80009fa9534e257505bfe06bff28e030b458d4a33ec2427f7be34a6ef1acf7", [:mix], [{:asciichart, "~> 1.0", [hex: :asciichart, repo: "hexpm", optional: false]}, {:ex_termbox, "~> 1.0", [hex: :ex_termbox, repo: "hexpm", optional: false]}], "hexpm", "b2394eb1cc662eae53ae0fb7c27c04543a6d2ce11ab6dc41202c5c4090cbf652"},
  "ssl_verify_fun": {:hex, :ssl_verify_fun, "1.1.6", "cf344f5692c82d2cd7554f5ec8fd961548d4fd09e7d22f5b62482e5aeaebd4b0", [:make, :mix, :rebar3], [], "hexpm", "bdb0d2471f453c88ff3908e7686f86f9be327d065cc1ec16fa4540197ea04680"},
  "telemetry": {:hex, :telemetry, "0.4.2", "2808c992455e08d6177322f14d3bdb6b625fbcfd233a73505870d8738a2f4599", [:rebar3], [], "hexpm", "2d1419bd9dda6a206d7b5852179511722e2b18812310d304620c7bd92a13fcef"},
  "temp": {:hex, :temp, "0.4.7", "2c78482cc2294020a4bc0c95950b907ff386523367d4e63308a252feffbea9f2", [:mix], [], "hexpm", "6af19e7d6a85a427478be1021574d1ae2a1e1b90882586f06bde76c63cd03e0d"},
  "timex": {:hex, :timex, "3.7.5", "3eca56e23bfa4e0848f0b0a29a92fa20af251a975116c6d504966e8a90516dfd", [:mix], [{:combine, "~> 0.10", [hex: :combine, repo: "hexpm", optional: false]}, {:gettext, "~> 0.10", [hex: :gettext, repo: "hexpm", optional: false]}, {:tzdata, "~> 1.0", [hex: :tzdata, repo: "hexpm", optional: false]}], "hexpm", "a15608dca680f2ef663d71c95842c67f0af08a0f3b1d00e17bbd22872e2874e4"},
  "tzdata": {:hex, :tzdata, "1.1.0", "72f5babaa9390d0f131465c8702fa76da0919e37ba32baa90d93c583301a8359", [:mix], [{:hackney, "~> 1.17", [hex: :hackney, repo: "hexpm", optional: false]}], "hexpm", "18f453739b48d3dc5bcf0e8906d2dc112bb40baafe2c707596d89f3c8dd14034"},
  "unicode_util_compat": {:hex, :unicode_util_compat, "0.7.0", "bc84380c9ab48177092f43ac89e4dfa2c6d62b40b8bd132b1059ecc7232f9a78", [:rebar3], [], "hexpm", "25eee6d67df61960cf6a794239566599b09e17e668d3700247bc498638152521"},
}
